
Microsoft Visual Studio Solution File, Format Version 12.00
# Visual Studio Version 17
VisualStudioVersion = 17.9.34723.18
MinimumVisualStudioVersion = 10.0.40219.1
Project("{2150E333-8FDC-42A3-9474-1A3956D46DE8}") = "quickstarts", "quickstarts", "{421B1F1B-D108-4C81-852A-F285C0210206}"
EndProject
Project("{9A19103F-16F7-4668-BE54-9A1E7A4F7556}") = "UnitTests", "quickstarts\UnitTests\UnitTests.csproj", "{DFB92AD7-F8E5-4AAE-98FC-5F35FB0E12C7}"
EndProject
Project("{2150E333-8FDC-42A3-9474-1A3956D46DE8}") = "SourceCodeGenerator", "SourceCodeGenerator", "{2AC05669-1A88-4C50-929D-9EA0749E7B31}"
EndProject
Project("{9A19103F-16F7-4668-BE54-9A1E7A4F7556}") = "SourceCodeGenerator", "quickstarts\SourceCodeGenerator\SourceCodeGenerator\SourceCodeGenerator.csproj", "{AE9B08A7-D954-4F76-8FD7-EAEFA6518D43}"
EndProject
Project("{9A19103F-16F7-4668-BE54-9A1E7A4F7556}") = "SourceCodeGeneratorApp", "quickstarts\SourceCodeGenerator\SourceCodeGeneratorApp\SourceCodeGeneratorApp.csproj", "{94036E8D-EE77-48A9-B723-CBE9662D5947}"
EndProject
Project("{9A19103F-16F7-4668-BE54-9A1E7A4F7556}") = "CustomConfigurationProvider", "quickstarts\CustomConfigurationProvider\CustomConfigurationProvider.csproj", "{A21A1963-B346-459C-B787-462819FC6C7D}"
EndProject
Project("{9A19103F-16F7-4668-BE54-9A1E7A4F7556}") = "ConsoleApplication", "quickstarts\ConsoleApplication\ConsoleApplication.csproj", "{76A27536-D3EB-49B9-A89A-759CBA953590}"
EndProject
Project("{FAE04EC0-301F-11D3-BF4B-00C04F79EFBC}") = "PrometheusDemo.WebApi", "quickstarts\PrometheusDemo.WebApi\PrometheusDemo.WebApi.csproj", "{2AB45399-5D3F-46A7-BB9C-BD7BBF9FFCE1}"
EndProject
Project("{FAE04EC0-301F-11D3-BF4B-00C04F79EFBC}") = "WebApi", "quickstarts\WebApi\WebApi.csproj", "{94C955D0-8162-4DEB-81A3-149E05B62125}"
EndProject
Project("{54A90642-561A-4BB1-A94E-469ADEE60C69}") = "reactproject1", "reactproject1\reactproject1.esproj", "{CEC6E8C3-C1F6-C646-E98F-4C172527373D}"
EndProject
Global
	GlobalSection(SolutionConfigurationPlatforms) = preSolution
		Debug|Any CPU = Debug|Any CPU
		Release|Any CPU = Release|Any CPU
	EndGlobalSection
	GlobalSection(ProjectConfigurationPlatforms) = postSolution
		{DFB92AD7-F8E5-4AAE-98FC-5F35FB0E12C7}.Debug|Any CPU.ActiveCfg = Debug|Any CPU
		{DFB92AD7-F8E5-4AAE-98FC-5F35FB0E12C7}.Debug|Any CPU.Build.0 = Debug|Any CPU
		{DFB92AD7-F8E5-4AAE-98FC-5F35FB0E12C7}.Release|Any CPU.ActiveCfg = Release|Any CPU
		{DFB92AD7-F8E5-4AAE-98FC-5F35FB0E12C7}.Release|Any CPU.Build.0 = Release|Any CPU
		{AE9B08A7-D954-4F76-8FD7-EAEFA6518D43}.Debug|Any CPU.ActiveCfg = Debug|Any CPU
		{AE9B08A7-D954-4F76-8FD7-EAEFA6518D43}.Debug|Any CPU.Build.0 = Debug|Any CPU
		{AE9B08A7-D954-4F76-8FD7-EAEFA6518D43}.Release|Any CPU.ActiveCfg = Release|Any CPU
		{AE9B08A7-D954-4F76-8FD7-EAEFA6518D43}.Release|Any CPU.Build.0 = Release|Any CPU
		{94036E8D-EE77-48A9-B723-CBE9662D5947}.Debug|Any CPU.ActiveCfg = Debug|Any CPU
		{94036E8D-EE77-48A9-B723-CBE9662D5947}.Debug|Any CPU.Build.0 = Debug|Any CPU
		{94036E8D-EE77-48A9-B723-CBE9662D5947}.Release|Any CPU.ActiveCfg = Release|Any CPU
		{94036E8D-EE77-48A9-B723-CBE9662D5947}.Release|Any CPU.Build.0 = Release|Any CPU
		{A21A1963-B346-459C-B787-462819FC6C7D}.Debug|Any CPU.ActiveCfg = Debug|Any CPU
		{A21A1963-B346-459C-B787-462819FC6C7D}.Debug|Any CPU.Build.0 = Debug|Any CPU
		{A21A1963-B346-459C-B787-462819FC6C7D}.Release|Any CPU.ActiveCfg = Release|Any CPU
		{A21A1963-B346-459C-B787-462819FC6C7D}.Release|Any CPU.Build.0 = Release|Any CPU
		{76A27536-D3EB-49B9-A89A-759CBA953590}.Debug|Any CPU.ActiveCfg = Debug|Any CPU
		{76A27536-D3EB-49B9-A89A-759CBA953590}.Debug|Any CPU.Build.0 = Debug|Any CPU
		{76A27536-D3EB-49B9-A89A-759CBA953590}.Release|Any CPU.ActiveCfg = Release|Any CPU
		{76A27536-D3EB-49B9-A89A-759CBA953590}.Release|Any CPU.Build.0 = Release|Any CPU
		{2AB45399-5D3F-46A7-BB9C-BD7BBF9FFCE1}.Debug|Any CPU.ActiveCfg = Debug|Any CPU
		{2AB45399-5D3F-46A7-BB9C-BD7BBF9FFCE1}.Debug|Any CPU.Build.0 = Debug|Any CPU
		{2AB45399-5D3F-46A7-BB9C-BD7BBF9FFCE1}.Release|Any CPU.ActiveCfg = Release|Any CPU
		{2AB45399-5D3F-46A7-BB9C-BD7BBF9FFCE1}.Release|Any CPU.Build.0 = Release|Any CPU
		{94C955D0-8162-4DEB-81A3-149E05B62125}.Debug|Any CPU.ActiveCfg = Debug|Any CPU
		{94C955D0-8162-4DEB-81A3-149E05B62125}.Debug|Any CPU.Build.0 = Debug|Any CPU
		{94C955D0-8162-4DEB-81A3-149E05B62125}.Release|Any CPU.ActiveCfg = Release|Any CPU
		{94C955D0-8162-4DEB-81A3-149E05B62125}.Release|Any CPU.Build.0 = Release|Any CPU
		{CEC6E8C3-C1F6-C646-E98F-4C172527373D}.Debug|Any CPU.ActiveCfg = Debug|Any CPU
		{CEC6E8C3-C1F6-C646-E98F-4C172527373D}.Debug|Any CPU.Build.0 = Debug|Any CPU
		{CEC6E8C3-C1F6-C646-E98F-4C172527373D}.Debug|Any CPU.Deploy.0 = Debug|Any CPU
		{CEC6E8C3-C1F6-C646-E98F-4C172527373D}.Release|Any CPU.ActiveCfg = Release|Any CPU
		{CEC6E8C3-C1F6-C646-E98F-4C172527373D}.Release|Any CPU.Build.0 = Release|Any CPU
		{CEC6E8C3-C1F6-C646-E98F-4C172527373D}.Release|Any CPU.Deploy.0 = Release|Any CPU
	EndGlobalSection
	GlobalSection(SolutionProperties) = preSolution
		HideSolutionNode = FALSE
	EndGlobalSection
	GlobalSection(NestedProjects) = preSolution
		{DFB92AD7-F8E5-4AAE-98FC-5F35FB0E12C7} = {421B1F1B-D108-4C81-852A-F285C0210206}
		{2AC05669-1A88-4C50-929D-9EA0749E7B31} = {421B1F1B-D108-4C81-852A-F285C0210206}
		{AE9B08A7-D954-4F76-8FD7-EAEFA6518D43} = {2AC05669-1A88-4C50-929D-9EA0749E7B31}
		{94036E8D-EE77-48A9-B723-CBE9662D5947} = {2AC05669-1A88-4C50-929D-9EA0749E7B31}
		{A21A1963-B346-459C-B787-462819FC6C7D} = {421B1F1B-D108-4C81-852A-F285C0210206}
		{76A27536-D3EB-49B9-A89A-759CBA953590} = {421B1F1B-D108-4C81-852A-F285C0210206}
		{2AB45399-5D3F-46A7-BB9C-BD7BBF9FFCE1} = {421B1F1B-D108-4C81-852A-F285C0210206}
		{94C955D0-8162-4DEB-81A3-149E05B62125} = {421B1F1B-D108-4C81-852A-F285C0210206}
		{CEC6E8C3-C1F6-C646-E98F-4C172527373D} = {421B1F1B-D108-4C81-852A-F285C0210206}
	EndGlobalSection
	GlobalSection(ExtensibilityGlobals) = postSolution
		SolutionGuid = {11567766-5465-4955-9AF2-9F1ECC680C6E}
	EndGlobalSection
EndGlobal
